
Microsoft Visual Studio Solution File, Format Version 12.00
# Visual Studio 15
VisualStudioVersion = 15.0.28307.136
MinimumVisualStudioVersion = 10.0.40219.1
Project("{FAE04EC0-301F-11D3-BF4B-00C04F79EFBC}") = "RazorPagesMovie", "RazorPagesMovie\RazorPagesMovie.csproj", "{0056C6A1-1C73-4AE4-85B8-2093A00B9498}"
EndProject
Global
	GlobalSection(SolutionConfigurationPlatforms) = preSolution
		Debug|Any CPU = Debug|Any CPU
		Release|Any CPU = Release|Any CPU
	EndGlobalSection
	GlobalSection(ProjectConfigurationPlatforms) = postSolution
		{0056C6A1-1C73-4AE4-85B8-2093A00B9498}.Debug|Any CPU.ActiveCfg = Debug|Any CPU
		{0056C6A1-1C73-4AE4-85B8-2093A00B9498}.Debug|Any CPU.Build.0 = Debug|Any CPU
		{0056C6A1-1C73-4AE4-85B8-2093A00B9498}.Release|Any CPU.ActiveCfg = Release|Any CPU
		{0056C6A1-1C73-4AE4-85B8-2093A00B9498}.Release|Any CPU.Build.0 = Release|Any CPU
	EndGlobalSection
	GlobalSection(SolutionProperties) = preSolution
		HideSolutionNode = FALSE
	EndGlobalSection
	GlobalSection(ExtensibilityGlobals) = postSolution
		SolutionGuid = {EF0CDFCE-7F84-4DBA-BE30-694932753824}
	EndGlobalSection
EndGlobal
